
Microsoft Visual Studio Solution File, Format Version 12.00
# Visual Studio Version 16
VisualStudioVersion = 16.0.29609.76
MinimumVisualStudioVersion = 10.0.40219.1
Project("{FAE04EC0-301F-11D3-BF4B-00C04F79EFBC}") = "NameSakuOnaji", "NameSakuOnaji\NameSakuOnaji.csproj", "{332C4C80-3F7A-48A8-B31B-56B155981BD9}"
EndProject
Global
	GlobalSection(SolutionConfigurationPlatforms) = preSolution
		Debug|Any CPU = Debug|Any CPU
		Release|Any CPU = Release|Any CPU
	EndGlobalSection
	GlobalSection(ProjectConfigurationPlatforms) = postSolution
		{332C4C80-3F7A-48A8-B31B-56B155981BD9}.Debug|Any CPU.ActiveCfg = Debug|Any CPU
		{332C4C80-3F7A-48A8-B31B-56B155981BD9}.Debug|Any CPU.Build.0 = Debug|Any CPU
		{332C4C80-3F7A-48A8-B31B-56B155981BD9}.Release|Any CPU.ActiveCfg = Release|Any CPU
		{332C4C80-3F7A-48A8-B31B-56B155981BD9}.Release|Any CPU.Build.0 = Release|Any CPU
	EndGlobalSection
	GlobalSection(SolutionProperties) = preSolution
		HideSolutionNode = FALSE
	EndGlobalSection
	GlobalSection(ExtensibilityGlobals) = postSolution
		SolutionGuid = {5E5C0B40-6BF9-487B-AEA5-E329AC1213F3}
	EndGlobalSection
EndGlobal
